
Microsoft Visual Studio Solution File, Format Version 12.00
# Visual Studio Version 16
VisualStudioVersion = 16.0.30711.63
MinimumVisualStudioVersion = 10.0.40219.1
Project("{9A19103F-16F7-4668-BE54-9A1E7A4F7556}") = "SmashMall.Server", "SmashMall\Server\SmashMall.Server.csproj", "{1D9CF95F-4533-4312-B7F0-5A221D81BB8F}"
EndProject
Project("{9A19103F-16F7-4668-BE54-9A1E7A4F7556}") = "SmashMall.Client", "SmashMall\Client\SmashMall.Client.csproj", "{C639BBDE-BEC5-4773-AFDA-3D57DD906A34}"
EndProject
Project("{9A19103F-16F7-4668-BE54-9A1E7A4F7556}") = "SmashMall.Shared", "SmashMall\Shared\SmashMall.Shared.csproj", "{786823F0-F841-469E-BC38-378C8479B51C}"
EndProject
Project("{FAE04EC0-301F-11D3-BF4B-00C04F79EFBC}") = "SmashMall.App.UWP", "SmashMall.App\SmashMall.App.UWP\SmashMall.App.UWP.csproj", "{B83F72E5-6EEF-492B-9D14-88499B889654}"
EndProject
Project("{FAE04EC0-301F-11D3-BF4B-00C04F79EFBC}") = "SmashMall.App.Android", "SmashMall.App\SmashMall.App.Android\SmashMall.App.Android.csproj", "{8B9FF317-93F8-4ED9-9294-83EE7A0A6964}"
EndProject
Project("{FAE04EC0-301F-11D3-BF4B-00C04F79EFBC}") = "SmashMall.App.iOS", "SmashMall.App\SmashMall.App.iOS\SmashMall.App.iOS.csproj", "{F6018A2A-06F9-473F-A2D6-20A7CED264EC}"
EndProject
Project("{9A19103F-16F7-4668-BE54-9A1E7A4F7556}") = "SmashMall.App", "SmashMall.App\SmashMall.App\SmashMall.App.csproj", "{C8A9A159-9009-4CE3-9D91-FCABB3C04D01}"
EndProject
Project("{FAE04EC0-301F-11D3-BF4B-00C04F79EFBC}") = "SmashMall.UWP", "SmashMall.UWP\SmashMall.UWP.csproj", "{5A44D36A-3A36-4439-89DE-2809AFF9629E}"
EndProject
Project("{9A19103F-16F7-4668-BE54-9A1E7A4F7556}") = "ThingLing.ImageResizer", "..\..\ThingLing\ImageResizer\ThingLing.ImageResizer\ThingLing.ImageResizer.csproj", "{6662346D-5C89-4673-9009-AB8652F576CC}"
EndProject
Project("{FAE04EC0-301F-11D3-BF4B-00C04F79EFBC}") = "SmashMall", "SmashMall.Shared\SmashMall\SmashMall.csproj", "{0A24A109-79B4-4DC6-B0A9-28DBB9E2F94E}"
EndProject
Global
	GlobalSection(SolutionConfigurationPlatforms) = preSolution
		Ad-Hoc|Any CPU = Ad-Hoc|Any CPU
		Ad-Hoc|ARM = Ad-Hoc|ARM
		Ad-Hoc|ARM64 = Ad-Hoc|ARM64
		Ad-Hoc|iPhone = Ad-Hoc|iPhone
		Ad-Hoc|iPhoneSimulator = Ad-Hoc|iPhoneSimulator
		Ad-Hoc|x64 = Ad-Hoc|x64
		Ad-Hoc|x86 = Ad-Hoc|x86
		AppStore|Any CPU = AppStore|Any CPU
		AppStore|ARM = AppStore|ARM
		AppStore|ARM64 = AppStore|ARM64
		AppStore|iPhone = AppStore|iPhone
		AppStore|iPhoneSimulator = AppStore|iPhoneSimulator
		AppStore|x64 = AppStore|x64
		AppStore|x86 = AppStore|x86
		Debug|Any CPU = Debug|Any CPU
		Debug|ARM = Debug|ARM
		Debug|ARM64 = Debug|ARM64
		Debug|iPhone = Debug|iPhone
		Debug|iPhoneSimulator = Debug|iPhoneSimulator
		Debug|x64 = Debug|x64
		Debug|x86 = Debug|x86
		Release|Any CPU = Release|Any CPU
		Release|ARM = Release|ARM
		Release|ARM64 = Release|ARM64
		Release|iPhone = Release|iPhone
		Release|iPhoneSimulator = Release|iPhoneSimulator
		Release|x64 = Release|x64
		Release|x86 = Release|x86
	EndGlobalSection
	GlobalSection(ProjectConfigurationPlatforms) = postSolution
		{1D9CF95F-4533-4312-B7F0-5A221D81BB8F}.Ad-Hoc|Any CPU.ActiveCfg = Release|Any CPU
		{1D9CF95F-4533-4312-B7F0-5A221D81BB8F}.Ad-Hoc|Any CPU.Build.0 = Release|Any CPU
		{1D9CF95F-4533-4312-B7F0-5A221D81BB8F}.Ad-Hoc|ARM.ActiveCfg = Release|Any CPU
		{1D9CF95F-4533-4312-B7F0-5A221D81BB8F}.Ad-Hoc|ARM.Build.0 = Release|Any CPU
		{1D9CF95F-4533-4312-B7F0-5A221D81BB8F}.Ad-Hoc|ARM64.ActiveCfg = Release|Any CPU
		{1D9CF95F-4533-4312-B7F0-5A221D81BB8F}.Ad-Hoc|ARM64.Build.0 = Release|Any CPU
		{1D9CF95F-4533-4312-B7F0-5A221D81BB8F}.Ad-Hoc|iPhone.ActiveCfg = Release|Any CPU
		{1D9CF95F-4533-4312-B7F0-5A221D81BB8F}.Ad-Hoc|iPhone.Build.0 = Release|Any CPU
		{1D9CF95F-4533-4312-B7F0-5A221D81BB8F}.Ad-Hoc|iPhoneSimulator.ActiveCfg = Release|Any CPU
		{1D9CF95F-4533-4312-B7F0-5A221D81BB8F}.Ad-Hoc|iPhoneSimulator.Build.0 = Release|Any CPU
		{1D9CF95F-4533-4312-B7F0-5A221D81BB8F}.Ad-Hoc|x64.ActiveCfg = Release|Any CPU
		{1D9CF95F-4533-4312-B7F0-5A221D81BB8F}.Ad-Hoc|x64.Build.0 = Release|Any CPU
		{1D9CF95F-4533-4312-B7F0-5A221D81BB8F}.Ad-Hoc|x86.ActiveCfg = Release|Any CPU
		{1D9CF95F-4533-4312-B7F0-5A221D81BB8F}.Ad-Hoc|x86.Build.0 = Release|Any CPU
		{1D9CF95F-4533-4312-B7F0-5A221D81BB8F}.AppStore|Any CPU.ActiveCfg = Release|Any CPU
		{1D9CF95F-4533-4312-B7F0-5A221D81BB8F}.AppStore|Any CPU.Build.0 = Release|Any CPU
		{1D9CF95F-4533-4312-B7F0-5A221D81BB8F}.AppStore|ARM.ActiveCfg = Release|Any CPU
		{1D9CF95F-4533-4312-B7F0-5A221D81BB8F}.AppStore|ARM.Build.0 = Release|Any CPU
		{1D9CF95F-4533-4312-B7F0-5A221D81BB8F}.AppStore|ARM64.ActiveCfg = Release|Any CPU
		{1D9CF95F-4533-4312-B7F0-5A221D81BB8F}.AppStore|ARM64.Build.0 = Release|Any CPU
		{1D9CF95F-4533-4312-B7F0-5A221D81BB8F}.AppStore|iPhone.ActiveCfg = Release|Any CPU
		{1D9CF95F-4533-4312-B7F0-5A221D81BB8F}.AppStore|iPhone.Build.0 = Release|Any CPU
		{1D9CF95F-4533-4312-B7F0-5A221D81BB8F}.AppStore|iPhoneSimulator.ActiveCfg = Release|Any CPU
		{1D9CF95F-4533-4312-B7F0-5A221D81BB8F}.AppStore|iPhoneSimulator.Build.0 = Release|Any CPU
		{1D9CF95F-4533-4312-B7F0-5A221D81BB8F}.AppStore|x64.ActiveCfg = Release|Any CPU
		{1D9CF95F-4533-4312-B7F0-5A221D81BB8F}.AppStore|x64.Build.0 = Release|Any CPU
		{1D9CF95F-4533-4312-B7F0-5A221D81BB8F}.AppStore|x86.ActiveCfg = Release|Any CPU
		{1D9CF95F-4533-4312-B7F0-5A221D81BB8F}.AppStore|x86.Build.0 = Release|Any CPU
		{1D9CF95F-4533-4312-B7F0-5A221D81BB8F}.Debug|Any CPU.ActiveCfg = Debug|Any CPU
		{1D9CF95F-4533-4312-B7F0-5A221D81BB8F}.Debug|Any CPU.Build.0 = Debug|Any CPU
		{1D9CF95F-4533-4312-B7F0-5A221D81BB8F}.Debug|ARM.ActiveCfg = Debug|Any CPU
		{1D9CF95F-4533-4312-B7F0-5A221D81BB8F}.Debug|ARM.Build.0 = Debug|Any CPU
		{1D9CF95F-4533-4312-B7F0-5A221D81BB8F}.Debug|ARM64.ActiveCfg = Debug|Any CPU
		{1D9CF95F-4533-4312-B7F0-5A221D81BB8F}.Debug|ARM64.Build.0 = Debug|Any CPU
		{1D9CF95F-4533-4312-B7F0-5A221D81BB8F}.Debug|iPhone.ActiveCfg = Debug|Any CPU
		{1D9CF95F-4533-4312-B7F0-5A221D81BB8F}.Debug|iPhone.Build.0 = Debug|Any CPU
		{1D9CF95F-4533-4312-B7F0-5A221D81BB8F}.Debug|iPhoneSimulator.ActiveCfg = Debug|Any CPU
		{1D9CF95F-4533-4312-B7F0-5A221D81BB8F}.Debug|iPhoneSimulator.Build.0 = Debug|Any CPU
		{1D9CF95F-4533-4312-B7F0-5A221D81BB8F}.Debug|x64.ActiveCfg = Debug|Any CPU
		{1D9CF95F-4533-4312-B7F0-5A221D81BB8F}.Debug|x64.Build.0 = Debug|Any CPU
		{1D9CF95F-4533-4312-B7F0-5A221D81BB8F}.Debug|x86.ActiveCfg = Debug|Any CPU
		{1D9CF95F-4533-4312-B7F0-5A221D81BB8F}.Debug|x86.Build.0 = Debug|Any CPU
		{1D9CF95F-4533-4312-B7F0-5A221D81BB8F}.Release|Any CPU.ActiveCfg = Release|Any CPU
		{1D9CF95F-4533-4312-B7F0-5A221D81BB8F}.Release|Any CPU.Build.0 = Release|Any CPU
		{1D9CF95F-4533-4312-B7F0-5A221D81BB8F}.Release|ARM.ActiveCfg = Release|Any CPU
		{1D9CF95F-4533-4312-B7F0-5A221D81BB8F}.Release|ARM.Build.0 = Release|Any CPU
		{1D9CF95F-4533-4312-B7F0-5A221D81BB8F}.Release|ARM64.ActiveCfg = Release|Any CPU
		{1D9CF95F-4533-4312-B7F0-5A221D81BB8F}.Release|ARM64.Build.0 = Release|Any CPU
		{1D9CF95F-4533-4312-B7F0-5A221D81BB8F}.Release|iPhone.ActiveCfg = Release|Any CPU
		{1D9CF95F-4533-4312-B7F0-5A221D81BB8F}.Release|iPhone.Build.0 = Release|Any CPU
		{1D9CF95F-4533-4312-B7F0-5A221D81BB8F}.Release|iPhoneSimulator.ActiveCfg = Release|Any CPU
		{1D9CF95F-4533-4312-B7F0-5A221D81BB8F}.Release|iPhoneSimulator.Build.0 = Release|Any CPU
		{1D9CF95F-4533-4312-B7F0-5A221D81BB8F}.Release|x64.ActiveCfg = Release|Any CPU
		{1D9CF95F-4533-4312-B7F0-5A221D81BB8F}.Release|x64.Build.0 = Release|Any CPU
		{1D9CF95F-4533-4312-B7F0-5A221D81BB8F}.Release|x86.ActiveCfg = Release|Any CPU
		{1D9CF95F-4533-4312-B7F0-5A221D81BB8F}.Release|x86.Build.0 = Release|Any CPU
		{C639BBDE-BEC5-4773-AFDA-3D57DD906A34}.Ad-Hoc|Any CPU.ActiveCfg = Release|Any CPU
		{C639BBDE-BEC5-4773-AFDA-3D57DD906A34}.Ad-Hoc|Any CPU.Build.0 = Release|Any CPU
		{C639BBDE-BEC5-4773-AFDA-3D57DD906A34}.Ad-Hoc|ARM.ActiveCfg = Release|Any CPU
		{C639BBDE-BEC5-4773-AFDA-3D57DD906A34}.Ad-Hoc|ARM.Build.0 = Release|Any CPU
		{C639BBDE-BEC5-4773-AFDA-3D57DD906A34}.Ad-Hoc|ARM64.ActiveCfg = Release|Any CPU
		{C639BBDE-BEC5-4773-AFDA-3D57DD906A34}.Ad-Hoc|ARM64.Build.0 = Release|Any CPU
		{C639BBDE-BEC5-4773-AFDA-3D57DD906A34}.Ad-Hoc|iPhone.ActiveCfg = Release|Any CPU
		{C639BBDE-BEC5-4773-AFDA-3D57DD906A34}.Ad-Hoc|iPhone.Build.0 = Release|Any CPU
		{C639BBDE-BEC5-4773-AFDA-3D57DD906A34}.Ad-Hoc|iPhoneSimulator.ActiveCfg = Release|Any CPU
		{C639BBDE-BEC5-4773-AFDA-3D57DD906A34}.Ad-Hoc|iPhoneSimulator.Build.0 = Release|Any CPU
		{C639BBDE-BEC5-4773-AFDA-3D57DD906A34}.Ad-Hoc|x64.ActiveCfg = Release|Any CPU
		{C639BBDE-BEC5-4773-AFDA-3D57DD906A34}.Ad-Hoc|x64.Build.0 = Release|Any CPU
		{C639BBDE-BEC5-4773-AFDA-3D57DD906A34}.Ad-Hoc|x86.ActiveCfg = Release|Any CPU
		{C639BBDE-BEC5-4773-AFDA-3D57DD906A34}.Ad-Hoc|x86.Build.0 = Release|Any CPU
		{C639BBDE-BEC5-4773-AFDA-3D57DD906A34}.AppStore|Any CPU.ActiveCfg = Release|Any CPU
		{C639BBDE-BEC5-4773-AFDA-3D57DD906A34}.AppStore|Any CPU.Build.0 = Release|Any CPU
		{C639BBDE-BEC5-4773-AFDA-3D57DD906A34}.AppStore|ARM.ActiveCfg = Release|Any CPU
		{C639BBDE-BEC5-4773-AFDA-3D57DD906A34}.AppStore|ARM.Build.0 = Release|Any CPU
		{C639BBDE-BEC5-4773-AFDA-3D57DD906A34}.AppStore|ARM64.ActiveCfg = Release|Any CPU
		{C639BBDE-BEC5-4773-AFDA-3D57DD906A34}.AppStore|ARM64.Build.0 = Release|Any CPU
		{C639BBDE-BEC5-4773-AFDA-3D57DD906A34}.AppStore|iPhone.ActiveCfg = Release|Any CPU
		{C639BBDE-BEC5-4773-AFDA-3D57DD906A34}.AppStore|iPhone.Build.0 = Release|Any CPU
		{C639BBDE-BEC5-4773-AFDA-3D57DD906A34}.AppStore|iPhoneSimulator.ActiveCfg = Release|Any CPU
		{C639BBDE-BEC5-4773-AFDA-3D57DD906A34}.AppStore|iPhoneSimulator.Build.0 = Release|Any CPU
		{C639BBDE-BEC5-4773-AFDA-3D57DD906A34}.AppStore|x64.ActiveCfg = Release|Any CPU
		{C639BBDE-BEC5-4773-AFDA-3D57DD906A34}.AppStore|x64.Build.0 = Release|Any CPU
		{C639BBDE-BEC5-4773-AFDA-3D57DD906A34}.AppStore|x86.ActiveCfg = Release|Any CPU
		{C639BBDE-BEC5-4773-AFDA-3D57DD906A34}.AppStore|x86.Build.0 = Release|Any CPU
		{C639BBDE-BEC5-4773-AFDA-3D57DD906A34}.Debug|Any CPU.ActiveCfg = Debug|Any CPU
		{C639BBDE-BEC5-4773-AFDA-3D57DD906A34}.Debug|Any CPU.Build.0 = Debug|Any CPU
		{C639BBDE-BEC5-4773-AFDA-3D57DD906A34}.Debug|ARM.ActiveCfg = Debug|Any CPU
		{C639BBDE-BEC5-4773-AFDA-3D57DD906A34}.Debug|ARM.Build.0 = Debug|Any CPU
		{C639BBDE-BEC5-4773-AFDA-3D57DD906A34}.Debug|ARM64.ActiveCfg = Debug|Any CPU
		{C639BBDE-BEC5-4773-AFDA-3D57DD906A34}.Debug|ARM64.Build.0 = Debug|Any CPU
		{C639BBDE-BEC5-4773-AFDA-3D57DD906A34}.Debug|iPhone.ActiveCfg = Debug|Any CPU
		{C639BBDE-BEC5-4773-AFDA-3D57DD906A34}.Debug|iPhone.Build.0 = Debug|Any CPU
		{C639BBDE-BEC5-4773-AFDA-3D57DD906A34}.Debug|iPhoneSimulator.ActiveCfg = Debug|Any CPU
		{C639BBDE-BEC5-4773-AFDA-3D57DD906A34}.Debug|iPhoneSimulator.Build.0 = Debug|Any CPU
		{C639BBDE-BEC5-4773-AFDA-3D57DD906A34}.Debug|x64.ActiveCfg = Debug|Any CPU
		{C639BBDE-BEC5-4773-AFDA-3D57DD906A34}.Debug|x64.Build.0 = Debug|Any CPU
		{C639BBDE-BEC5-4773-AFDA-3D57DD906A34}.Debug|x86.ActiveCfg = Debug|Any CPU
		{C639BBDE-BEC5-4773-AFDA-3D57DD906A34}.Debug|x86.Build.0 = Debug|Any CPU
		{C639BBDE-BEC5-4773-AFDA-3D57DD906A34}.Release|Any CPU.ActiveCfg = Release|Any CPU
		{C639BBDE-BEC5-4773-AFDA-3D57DD906A34}.Release|Any CPU.Build.0 = Release|Any CPU
		{C639BBDE-BEC5-4773-AFDA-3D57DD906A34}.Release|ARM.ActiveCfg = Release|Any CPU
		{C639BBDE-BEC5-4773-AFDA-3D57DD906A34}.Release|ARM.Build.0 = Release|Any CPU
		{C639BBDE-BEC5-4773-AFDA-3D57DD906A34}.Release|ARM64.ActiveCfg = Release|Any CPU
		{C639BBDE-BEC5-4773-AFDA-3D57DD906A34}.Release|ARM64.Build.0 = Release|Any CPU
		{C639BBDE-BEC5-4773-AFDA-3D57DD906A34}.Release|iPhone.ActiveCfg = Release|Any CPU
		{C639BBDE-BEC5-4773-AFDA-3D57DD906A34}.Release|iPhone.Build.0 = Release|Any CPU
		{C639BBDE-BEC5-4773-AFDA-3D57DD906A34}.Release|iPhoneSimulator.ActiveCfg = Release|Any CPU
		{C639BBDE-BEC5-4773-AFDA-3D57DD906A34}.Release|iPhoneSimulator.Build.0 = Release|Any CPU
		{C639BBDE-BEC5-4773-AFDA-3D57DD906A34}.Release|x64.ActiveCfg = Release|Any CPU
		{C639BBDE-BEC5-4773-AFDA-3D57DD906A34}.Release|x64.Build.0 = Release|Any CPU
		{C639BBDE-BEC5-4773-AFDA-3D57DD906A34}.Release|x86.ActiveCfg = Release|Any CPU
		{C639BBDE-BEC5-4773-AFDA-3D57DD906A34}.Release|x86.Build.0 = Release|Any CPU
		{786823F0-F841-469E-BC38-378C8479B51C}.Ad-Hoc|Any CPU.ActiveCfg = Release|Any CPU
		{786823F0-F841-469E-BC38-378C8479B51C}.Ad-Hoc|Any CPU.Build.0 = Release|Any CPU
		{786823F0-F841-469E-BC38-378C8479B51C}.Ad-Hoc|ARM.ActiveCfg = Release|Any CPU
		{786823F0-F841-469E-BC38-378C8479B51C}.Ad-Hoc|ARM.Build.0 = Release|Any CPU
		{786823F0-F841-469E-BC38-378C8479B51C}.Ad-Hoc|ARM64.ActiveCfg = Release|Any CPU
		{786823F0-F841-469E-BC38-378C8479B51C}.Ad-Hoc|ARM64.Build.0 = Release|Any CPU
		{786823F0-F841-469E-BC38-378C8479B51C}.Ad-Hoc|iPhone.ActiveCfg = Release|Any CPU
		{786823F0-F841-469E-BC38-378C8479B51C}.Ad-Hoc|iPhone.Build.0 = Release|Any CPU
		{786823F0-F841-469E-BC38-378C8479B51C}.Ad-Hoc|iPhoneSimulator.ActiveCfg = Release|Any CPU
		{786823F0-F841-469E-BC38-378C8479B51C}.Ad-Hoc|iPhoneSimulator.Build.0 = Release|Any CPU
		{786823F0-F841-469E-BC38-378C8479B51C}.Ad-Hoc|x64.ActiveCfg = Release|Any CPU
		{786823F0-F841-469E-BC38-378C8479B51C}.Ad-Hoc|x64.Build.0 = Release|Any CPU
		{786823F0-F841-469E-BC38-378C8479B51C}.Ad-Hoc|x86.ActiveCfg = Release|Any CPU
		{786823F0-F841-469E-BC38-378C8479B51C}.Ad-Hoc|x86.Build.0 = Release|Any CPU
		{786823F0-F841-469E-BC38-378C8479B51C}.AppStore|Any CPU.ActiveCfg = Release|Any CPU
		{786823F0-F841-469E-BC38-378C8479B51C}.AppStore|Any CPU.Build.0 = Release|Any CPU
		{786823F0-F841-469E-BC38-378C8479B51C}.AppStore|ARM.ActiveCfg = Release|Any CPU
		{786823F0-F841-469E-BC38-378C8479B51C}.AppStore|ARM.Build.0 = Release|Any CPU
		{786823F0-F841-469E-BC38-378C8479B51C}.AppStore|ARM64.ActiveCfg = Release|Any CPU
		{786823F0-F841-469E-BC38-378C8479B51C}.AppStore|ARM64.Build.0 = Release|Any CPU
		{786823F0-F841-469E-BC38-378C8479B51C}.AppStore|iPhone.ActiveCfg = Release|Any CPU
		{786823F0-F841-469E-BC38-378C8479B51C}.AppStore|iPhone.Build.0 = Release|Any CPU
		{786823F0-F841-469E-BC38-378C8479B51C}.AppStore|iPhoneSimulator.ActiveCfg = Release|Any CPU
		{786823F0-F841-469E-BC38-378C8479B51C}.AppStore|iPhoneSimulator.Build.0 = Release|Any CPU
		{786823F0-F841-469E-BC38-378C8479B51C}.AppStore|x64.ActiveCfg = Release|Any CPU
		{786823F0-F841-469E-BC38-378C8479B51C}.AppStore|x64.Build.0 = Release|Any CPU
		{786823F0-F841-469E-BC38-378C8479B51C}.AppStore|x86.ActiveCfg = Release|Any CPU
		{786823F0-F841-469E-BC38-378C8479B51C}.AppStore|x86.Build.0 = Release|Any CPU
		{786823F0-F841-469E-BC38-378C8479B51C}.Debug|Any CPU.ActiveCfg = Debug|Any CPU
		{786823F0-F841-469E-BC38-378C8479B51C}.Debug|Any CPU.Build.0 = Debug|Any CPU
		{786823F0-F841-469E-BC38-378C8479B51C}.Debug|ARM.ActiveCfg = Debug|Any CPU
		{786823F0-F841-469E-BC38-378C8479B51C}.Debug|ARM.Build.0 = Debug|Any CPU
		{786823F0-F841-469E-BC38-378C8479B51C}.Debug|ARM64.ActiveCfg = Debug|Any CPU
		{786823F0-F841-469E-BC38-378C8479B51C}.Debug|ARM64.Build.0 = Debug|Any CPU
		{786823F0-F841-469E-BC38-378C8479B51C}.Debug|iPhone.ActiveCfg = Debug|Any CPU
		{786823F0-F841-469E-BC38-378C8479B51C}.Debug|iPhone.Build.0 = Debug|Any CPU
		{786823F0-F841-469E-BC38-378C8479B51C}.Debug|iPhoneSimulator.ActiveCfg = Debug|Any CPU
		{786823F0-F841-469E-BC38-378C8479B51C}.Debug|iPhoneSimulator.Build.0 = Debug|Any CPU
		{786823F0-F841-469E-BC38-378C8479B51C}.Debug|x64.ActiveCfg = Debug|Any CPU
		{786823F0-F841-469E-BC38-378C8479B51C}.Debug|x64.Build.0 = Debug|Any CPU
		{786823F0-F841-469E-BC38-378C8479B51C}.Debug|x86.ActiveCfg = Debug|Any CPU
		{786823F0-F841-469E-BC38-378C8479B51C}.Debug|x86.Build.0 = Debug|Any CPU
		{786823F0-F841-469E-BC38-378C8479B51C}.Release|Any CPU.ActiveCfg = Release|Any CPU
		{786823F0-F841-469E-BC38-378C8479B51C}.Release|Any CPU.Build.0 = Release|Any CPU
		{786823F0-F841-469E-BC38-378C8479B51C}.Release|ARM.ActiveCfg = Release|Any CPU
		{786823F0-F841-469E-BC38-378C8479B51C}.Release|ARM.Build.0 = Release|Any CPU
		{786823F0-F841-469E-BC38-378C8479B51C}.Release|ARM64.ActiveCfg = Release|Any CPU
		{786823F0-F841-469E-BC38-378C8479B51C}.Release|ARM64.Build.0 = Release|Any CPU
		{786823F0-F841-469E-BC38-378C8479B51C}.Release|iPhone.ActiveCfg = Release|Any CPU
		{786823F0-F841-469E-BC38-378C8479B51C}.Release|iPhone.Build.0 = Release|Any CPU
		{786823F0-F841-469E-BC38-378C8479B51C}.Release|iPhoneSimulator.ActiveCfg = Release|Any CPU
		{786823F0-F841-469E-BC38-378C8479B51C}.Release|iPhoneSimulator.Build.0 = Release|Any CPU
		{786823F0-F841-469E-BC38-378C8479B51C}.Release|x64.ActiveCfg = Release|Any CPU
		{786823F0-F841-469E-BC38-378C8479B51C}.Release|x64.Build.0 = Release|Any CPU
		{786823F0-F841-469E-BC38-378C8479B51C}.Release|x86.ActiveCfg = Release|Any CPU
		{786823F0-F841-469E-BC38-378C8479B51C}.Release|x86.Build.0 = Release|Any CPU
		{B83F72E5-6EEF-492B-9D14-88499B889654}.Ad-Hoc|Any CPU.ActiveCfg = Debug|ARM
		{B83F72E5-6EEF-492B-9D14-88499B889654}.Ad-Hoc|Any CPU.Build.0 = Debug|ARM
		{B83F72E5-6EEF-492B-9D14-88499B889654}.Ad-Hoc|Any CPU.Deploy.0 = Debug|ARM
		{B83F72E5-6EEF-492B-9D14-88499B889654}.Ad-Hoc|ARM.ActiveCfg = Debug|ARM
		{B83F72E5-6EEF-492B-9D14-88499B889654}.Ad-Hoc|ARM.Build.0 = Debug|ARM
		{B83F72E5-6EEF-492B-9D14-88499B889654}.Ad-Hoc|ARM.Deploy.0 = Debug|ARM
		{B83F72E5-6EEF-492B-9D14-88499B889654}.Ad-Hoc|ARM64.ActiveCfg = Debug|ARM
		{B83F72E5-6EEF-492B-9D14-88499B889654}.Ad-Hoc|ARM64.Build.0 = Debug|ARM
		{B83F72E5-6EEF-492B-9D14-88499B889654}.Ad-Hoc|ARM64.Deploy.0 = Debug|ARM
		{B83F72E5-6EEF-492B-9D14-88499B889654}.Ad-Hoc|iPhone.ActiveCfg = Debug|ARM
		{B83F72E5-6EEF-492B-9D14-88499B889654}.Ad-Hoc|iPhone.Build.0 = Debug|ARM
		{B83F72E5-6EEF-492B-9D14-88499B889654}.Ad-Hoc|iPhone.Deploy.0 = Debug|ARM
		{B83F72E5-6EEF-492B-9D14-88499B889654}.Ad-Hoc|iPhoneSimulator.ActiveCfg = Debug|ARM
		{B83F72E5-6EEF-492B-9D14-88499B889654}.Ad-Hoc|iPhoneSimulator.Build.0 = Debug|ARM
		{B83F72E5-6EEF-492B-9D14-88499B889654}.Ad-Hoc|iPhoneSimulator.Deploy.0 = Debug|ARM
		{B83F72E5-6EEF-492B-9D14-88499B889654}.Ad-Hoc|x64.ActiveCfg = Debug|x64
		{B83F72E5-6EEF-492B-9D14-88499B889654}.Ad-Hoc|x64.Build.0 = Debug|x64
		{B83F72E5-6EEF-492B-9D14-88499B889654}.Ad-Hoc|x64.Deploy.0 = Debug|x64
		{B83F72E5-6EEF-492B-9D14-88499B889654}.Ad-Hoc|x86.ActiveCfg = Debug|x86
		{B83F72E5-6EEF-492B-9D14-88499B889654}.Ad-Hoc|x86.Build.0 = Debug|x86
		{B83F72E5-6EEF-492B-9D14-88499B889654}.Ad-Hoc|x86.Deploy.0 = Debug|x86
		{B83F72E5-6EEF-492B-9D14-88499B889654}.AppStore|Any CPU.ActiveCfg = Debug|ARM
		{B83F72E5-6EEF-492B-9D14-88499B889654}.AppStore|Any CPU.Build.0 = Debug|ARM
		{B83F72E5-6EEF-492B-9D14-88499B889654}.AppStore|Any CPU.Deploy.0 = Debug|ARM
		{B83F72E5-6EEF-492B-9D14-88499B889654}.AppStore|ARM.ActiveCfg = Debug|ARM
		{B83F72E5-6EEF-492B-9D14-88499B889654}.AppStore|ARM.Build.0 = Debug|ARM
		{B83F72E5-6EEF-492B-9D14-88499B889654}.AppStore|ARM.Deploy.0 = Debug|ARM
		{B83F72E5-6EEF-492B-9D14-88499B889654}.AppStore|ARM64.ActiveCfg = Debug|ARM
		{B83F72E5-6EEF-492B-9D14-88499B889654}.AppStore|ARM64.Build.0 = Debug|ARM
		{B83F72E5-6EEF-492B-9D14-88499B889654}.AppStore|ARM64.Deploy.0 = Debug|ARM
		{B83F72E5-6EEF-492B-9D14-88499B889654}.AppStore|iPhone.ActiveCfg = Debug|ARM
		{B83F72E5-6EEF-492B-9D14-88499B889654}.AppStore|iPhone.Build.0 = Debug|ARM
		{B83F72E5-6EEF-492B-9D14-88499B889654}.AppStore|iPhone.Deploy.0 = Debug|ARM
		{B83F72E5-6EEF-492B-9D14-88499B889654}.AppStore|iPhoneSimulator.ActiveCfg = Debug|ARM
		{B83F72E5-6EEF-492B-9D14-88499B889654}.AppStore|iPhoneSimulator.Build.0 = Debug|ARM
		{B83F72E5-6EEF-492B-9D14-88499B889654}.AppStore|iPhoneSimulator.Deploy.0 = Debug|ARM
		{B83F72E5-6EEF-492B-9D14-88499B889654}.AppStore|x64.ActiveCfg = Debug|x64
		{B83F72E5-6EEF-492B-9D14-88499B889654}.AppStore|x64.Build.0 = Debug|x64
		{B83F72E5-6EEF-492B-9D14-88499B889654}.AppStore|x64.Deploy.0 = Debug|x64
		{B83F72E5-6EEF-492B-9D14-88499B889654}.AppStore|x86.ActiveCfg = Debug|x86
		{B83F72E5-6EEF-492B-9D14-88499B889654}.AppStore|x86.Build.0 = Debug|x86
		{B83F72E5-6EEF-492B-9D14-88499B889654}.AppStore|x86.Deploy.0 = Debug|x86
		{B83F72E5-6EEF-492B-9D14-88499B889654}.Debug|Any CPU.ActiveCfg = Debug|x86
		{B83F72E5-6EEF-492B-9D14-88499B889654}.Debug|ARM.ActiveCfg = Debug|ARM
		{B83F72E5-6EEF-492B-9D14-88499B889654}.Debug|ARM.Build.0 = Debug|ARM
		{B83F72E5-6EEF-492B-9D14-88499B889654}.Debug|ARM.Deploy.0 = Debug|ARM
		{B83F72E5-6EEF-492B-9D14-88499B889654}.Debug|ARM64.ActiveCfg = Debug|x86
		{B83F72E5-6EEF-492B-9D14-88499B889654}.Debug|iPhone.ActiveCfg = Debug|x86
		{B83F72E5-6EEF-492B-9D14-88499B889654}.Debug|iPhoneSimulator.ActiveCfg = Debug|x86
		{B83F72E5-6EEF-492B-9D14-88499B889654}.Debug|x64.ActiveCfg = Debug|x64
		{B83F72E5-6EEF-492B-9D14-88499B889654}.Debug|x64.Build.0 = Debug|x64
		{B83F72E5-6EEF-492B-9D14-88499B889654}.Debug|x64.Deploy.0 = Debug|x64
		{B83F72E5-6EEF-492B-9D14-88499B889654}.Debug|x86.ActiveCfg = Debug|x86
		{B83F72E5-6EEF-492B-9D14-88499B889654}.Debug|x86.Build.0 = Debug|x86
		{B83F72E5-6EEF-492B-9D14-88499B889654}.Debug|x86.Deploy.0 = Debug|x86
		{B83F72E5-6EEF-492B-9D14-88499B889654}.Release|Any CPU.ActiveCfg = Release|x86
		{B83F72E5-6EEF-492B-9D14-88499B889654}.Release|ARM.ActiveCfg = Release|ARM
		{B83F72E5-6EEF-492B-9D14-88499B889654}.Release|ARM.Build.0 = Release|ARM
		{B83F72E5-6EEF-492B-9D14-88499B889654}.Release|ARM.Deploy.0 = Release|ARM
		{B83F72E5-6EEF-492B-9D14-88499B889654}.Release|ARM64.ActiveCfg = Release|x86
		{B83F72E5-6EEF-492B-9D14-88499B889654}.Release|iPhone.ActiveCfg = Release|x86
		{B83F72E5-6EEF-492B-9D14-88499B889654}.Release|iPhoneSimulator.ActiveCfg = Release|x86
		{B83F72E5-6EEF-492B-9D14-88499B889654}.Release|x64.ActiveCfg = Release|x64
		{B83F72E5-6EEF-492B-9D14-88499B889654}.Release|x64.Build.0 = Release|x64
		{B83F72E5-6EEF-492B-9D14-88499B889654}.Release|x64.Deploy.0 = Release|x64
		{B83F72E5-6EEF-492B-9D14-88499B889654}.Release|x86.ActiveCfg = Release|x86
		{B83F72E5-6EEF-492B-9D14-88499B889654}.Release|x86.Build.0 = Release|x86
		{B83F72E5-6EEF-492B-9D14-88499B889654}.Release|x86.Deploy.0 = Release|x86
		{8B9FF317-93F8-4ED9-9294-83EE7A0A6964}.Ad-Hoc|Any CPU.ActiveCfg = Debug|Any CPU
		{8B9FF317-93F8-4ED9-9294-83EE7A0A6964}.Ad-Hoc|ARM.ActiveCfg = Debug|Any CPU
		{8B9FF317-93F8-4ED9-9294-83EE7A0A6964}.Ad-Hoc|ARM64.ActiveCfg = Debug|Any CPU
		{8B9FF317-93F8-4ED9-9294-83EE7A0A6964}.Ad-Hoc|iPhone.ActiveCfg = Debug|Any CPU
		{8B9FF317-93F8-4ED9-9294-83EE7A0A6964}.Ad-Hoc|iPhoneSimulator.ActiveCfg = Debug|Any CPU
		{8B9FF317-93F8-4ED9-9294-83EE7A0A6964}.Ad-Hoc|x64.ActiveCfg = Debug|Any CPU
		{8B9FF317-93F8-4ED9-9294-83EE7A0A6964}.Ad-Hoc|x86.ActiveCfg = Debug|Any CPU
		{8B9FF317-93F8-4ED9-9294-83EE7A0A6964}.AppStore|Any CPU.ActiveCfg = Debug|Any CPU
		{8B9FF317-93F8-4ED9-9294-83EE7A0A6964}.AppStore|ARM.ActiveCfg = Debug|Any CPU
		{8B9FF317-93F8-4ED9-9294-83EE7A0A6964}.AppStore|ARM64.ActiveCfg = Debug|Any CPU
		{8B9FF317-93F8-4ED9-9294-83EE7A0A6964}.AppStore|iPhone.ActiveCfg = Debug|Any CPU
		{8B9FF317-93F8-4ED9-9294-83EE7A0A6964}.AppStore|iPhoneSimulator.ActiveCfg = Debug|Any CPU
		{8B9FF317-93F8-4ED9-9294-83EE7A0A6964}.AppStore|x64.ActiveCfg = Debug|Any CPU
		{8B9FF317-93F8-4ED9-9294-83EE7A0A6964}.AppStore|x86.ActiveCfg = Debug|Any CPU
		{8B9FF317-93F8-4ED9-9294-83EE7A0A6964}.Debug|Any CPU.ActiveCfg = Debug|Any CPU
		{8B9FF317-93F8-4ED9-9294-83EE7A0A6964}.Debug|Any CPU.Build.0 = Debug|Any CPU
		{8B9FF317-93F8-4ED9-9294-83EE7A0A6964}.Debug|Any CPU.Deploy.0 = Debug|Any CPU
		{8B9FF317-93F8-4ED9-9294-83EE7A0A6964}.Debug|ARM.ActiveCfg = Debug|Any CPU
		{8B9FF317-93F8-4ED9-9294-83EE7A0A6964}.Debug|ARM.Build.0 = Debug|Any CPU
		{8B9FF317-93F8-4ED9-9294-83EE7A0A6964}.Debug|ARM.Deploy.0 = Debug|Any CPU
		{8B9FF317-93F8-4ED9-9294-83EE7A0A6964}.Debug|ARM64.ActiveCfg = Debug|Any CPU
		{8B9FF317-93F8-4ED9-9294-83EE7A0A6964}.Debug|iPhone.ActiveCfg = Debug|Any CPU
		{8B9FF317-93F8-4ED9-9294-83EE7A0A6964}.Debug|iPhone.Build.0 = Debug|Any CPU
		{8B9FF317-93F8-4ED9-9294-83EE7A0A6964}.Debug|iPhone.Deploy.0 = Debug|Any CPU
		{8B9FF317-93F8-4ED9-9294-83EE7A0A6964}.Debug|iPhoneSimulator.ActiveCfg = Debug|Any CPU
		{8B9FF317-93F8-4ED9-9294-83EE7A0A6964}.Debug|iPhoneSimulator.Build.0 = Debug|Any CPU
		{8B9FF317-93F8-4ED9-9294-83EE7A0A6964}.Debug|iPhoneSimulator.Deploy.0 = Debug|Any CPU
		{8B9FF317-93F8-4ED9-9294-83EE7A0A6964}.Debug|x64.ActiveCfg = Debug|Any CPU
		{8B9FF317-93F8-4ED9-9294-83EE7A0A6964}.Debug|x64.Build.0 = Debug|Any CPU
		{8B9FF317-93F8-4ED9-9294-83EE7A0A6964}.Debug|x64.Deploy.0 = Debug|Any CPU
		{8B9FF317-93F8-4ED9-9294-83EE7A0A6964}.Debug|x86.ActiveCfg = Debug|Any CPU
		{8B9FF317-93F8-4ED9-9294-83EE7A0A6964}.Debug|x86.Build.0 = Debug|Any CPU
		{8B9FF317-93F8-4ED9-9294-83EE7A0A6964}.Debug|x86.Deploy.0 = Debug|Any CPU
		{8B9FF317-93F8-4ED9-9294-83EE7A0A6964}.Release|Any CPU.ActiveCfg = Release|Any CPU
		{8B9FF317-93F8-4ED9-9294-83EE7A0A6964}.Release|Any CPU.Build.0 = Release|Any CPU
		{8B9FF317-93F8-4ED9-9294-83EE7A0A6964}.Release|Any CPU.Deploy.0 = Release|Any CPU
		{8B9FF317-93F8-4ED9-9294-83EE7A0A6964}.Release|ARM.ActiveCfg = Release|Any CPU
		{8B9FF317-93F8-4ED9-9294-83EE7A0A6964}.Release|ARM.Build.0 = Release|Any CPU
		{8B9FF317-93F8-4ED9-9294-83EE7A0A6964}.Release|ARM.Deploy.0 = Release|Any CPU
		{8B9FF317-93F8-4ED9-9294-83EE7A0A6964}.Release|ARM64.ActiveCfg = Release|Any CPU
		{8B9FF317-93F8-4ED9-9294-83EE7A0A6964}.Release|iPhone.ActiveCfg = Release|Any CPU
		{8B9FF317-93F8-4ED9-9294-83EE7A0A6964}.Release|iPhone.Build.0 = Release|Any CPU
		{8B9FF317-93F8-4ED9-9294-83EE7A0A6964}.Release|iPhone.Deploy.0 = Release|Any CPU
		{8B9FF317-93F8-4ED9-9294-83EE7A0A6964}.Release|iPhoneSimulator.ActiveCfg = Release|Any CPU
		{8B9FF317-93F8-4ED9-9294-83EE7A0A6964}.Release|iPhoneSimulator.Build.0 = Release|Any CPU
		{8B9FF317-93F8-4ED9-9294-83EE7A0A6964}.Release|iPhoneSimulator.Deploy.0 = Release|Any CPU
		{8B9FF317-93F8-4ED9-9294-83EE7A0A6964}.Release|x64.ActiveCfg = Release|Any CPU
		{8B9FF317-93F8-4ED9-9294-83EE7A0A6964}.Release|x64.Build.0 = Release|Any CPU
		{8B9FF317-93F8-4ED9-9294-83EE7A0A6964}.Release|x64.Deploy.0 = Release|Any CPU
		{8B9FF317-93F8-4ED9-9294-83EE7A0A6964}.Release|x86.ActiveCfg = Release|Any CPU
		{8B9FF317-93F8-4ED9-9294-83EE7A0A6964}.Release|x86.Build.0 = Release|Any CPU
		{8B9FF317-93F8-4ED9-9294-83EE7A0A6964}.Release|x86.Deploy.0 = Release|Any CPU
		{F6018A2A-06F9-473F-A2D6-20A7CED264EC}.Ad-Hoc|Any CPU.ActiveCfg = Debug|iPhoneSimulator
		{F6018A2A-06F9-473F-A2D6-20A7CED264EC}.Ad-Hoc|ARM.ActiveCfg = Debug|iPhoneSimulator
		{F6018A2A-06F9-473F-A2D6-20A7CED264EC}.Ad-Hoc|ARM64.ActiveCfg = Debug|iPhoneSimulator
		{F6018A2A-06F9-473F-A2D6-20A7CED264EC}.Ad-Hoc|iPhone.ActiveCfg = Debug|iPhone
		{F6018A2A-06F9-473F-A2D6-20A7CED264EC}.Ad-Hoc|iPhoneSimulator.ActiveCfg = Debug|iPhoneSimulator
		{F6018A2A-06F9-473F-A2D6-20A7CED264EC}.Ad-Hoc|x64.ActiveCfg = Debug|iPhoneSimulator
		{F6018A2A-06F9-473F-A2D6-20A7CED264EC}.Ad-Hoc|x86.ActiveCfg = Debug|iPhoneSimulator
		{F6018A2A-06F9-473F-A2D6-20A7CED264EC}.AppStore|Any CPU.ActiveCfg = Debug|iPhoneSimulator
		{F6018A2A-06F9-473F-A2D6-20A7CED264EC}.AppStore|ARM.ActiveCfg = Debug|iPhoneSimulator
		{F6018A2A-06F9-473F-A2D6-20A7CED264EC}.AppStore|ARM64.ActiveCfg = Debug|iPhoneSimulator
		{F6018A2A-06F9-473F-A2D6-20A7CED264EC}.AppStore|iPhone.ActiveCfg = Debug|iPhone
		{F6018A2A-06F9-473F-A2D6-20A7CED264EC}.AppStore|iPhoneSimulator.ActiveCfg = Debug|iPhoneSimulator
		{F6018A2A-06F9-473F-A2D6-20A7CED264EC}.AppStore|x64.ActiveCfg = Debug|iPhoneSimulator
		{F6018A2A-06F9-473F-A2D6-20A7CED264EC}.AppStore|x86.ActiveCfg = Debug|iPhoneSimulator
		{F6018A2A-06F9-473F-A2D6-20A7CED264EC}.Debug|Any CPU.ActiveCfg = Debug|iPhoneSimulator
		{F6018A2A-06F9-473F-A2D6-20A7CED264EC}.Debug|ARM.ActiveCfg = Debug|iPhoneSimulator
		{F6018A2A-06F9-473F-A2D6-20A7CED264EC}.Debug|ARM64.ActiveCfg = Debug|iPhoneSimulator
		{F6018A2A-06F9-473F-A2D6-20A7CED264EC}.Debug|iPhone.ActiveCfg = Debug|iPhone
		{F6018A2A-06F9-473F-A2D6-20A7CED264EC}.Debug|iPhone.Build.0 = Debug|iPhone
		{F6018A2A-06F9-473F-A2D6-20A7CED264EC}.Debug|iPhoneSimulator.ActiveCfg = Debug|iPhoneSimulator
		{F6018A2A-06F9-473F-A2D6-20A7CED264EC}.Debug|iPhoneSimulator.Build.0 = Debug|iPhoneSimulator
		{F6018A2A-06F9-473F-A2D6-20A7CED264EC}.Debug|x64.ActiveCfg = Debug|iPhoneSimulator
		{F6018A2A-06F9-473F-A2D6-20A7CED264EC}.Debug|x86.ActiveCfg = Debug|iPhoneSimulator
		{F6018A2A-06F9-473F-A2D6-20A7CED264EC}.Release|Any CPU.ActiveCfg = Release|iPhoneSimulator
		{F6018A2A-06F9-473F-A2D6-20A7CED264EC}.Release|ARM.ActiveCfg = Release|iPhoneSimulator
		{F6018A2A-06F9-473F-A2D6-20A7CED264EC}.Release|ARM64.ActiveCfg = Release|iPhoneSimulator
		{F6018A2A-06F9-473F-A2D6-20A7CED264EC}.Release|iPhone.ActiveCfg = Release|iPhone
		{F6018A2A-06F9-473F-A2D6-20A7CED264EC}.Release|iPhone.Build.0 = Release|iPhone
		{F6018A2A-06F9-473F-A2D6-20A7CED264EC}.Release|iPhoneSimulator.ActiveCfg = Release|iPhoneSimulator
		{F6018A2A-06F9-473F-A2D6-20A7CED264EC}.Release|iPhoneSimulator.Build.0 = Release|iPhoneSimulator
		{F6018A2A-06F9-473F-A2D6-20A7CED264EC}.Release|x64.ActiveCfg = Release|iPhoneSimulator
		{F6018A2A-06F9-473F-A2D6-20A7CED264EC}.Release|x86.ActiveCfg = Release|iPhoneSimulator
		{C8A9A159-9009-4CE3-9D91-FCABB3C04D01}.Ad-Hoc|Any CPU.ActiveCfg = Debug|Any CPU
		{C8A9A159-9009-4CE3-9D91-FCABB3C04D01}.Ad-Hoc|Any CPU.Build.0 = Debug|Any CPU
		{C8A9A159-9009-4CE3-9D91-FCABB3C04D01}.Ad-Hoc|ARM.ActiveCfg = Debug|Any CPU
		{C8A9A159-9009-4CE3-9D91-FCABB3C04D01}.Ad-Hoc|ARM.Build.0 = Debug|Any CPU
		{C8A9A159-9009-4CE3-9D91-FCABB3C04D01}.Ad-Hoc|ARM64.ActiveCfg = Debug|Any CPU
		{C8A9A159-9009-4CE3-9D91-FCABB3C04D01}.Ad-Hoc|ARM64.Build.0 = Debug|Any CPU
		{C8A9A159-9009-4CE3-9D91-FCABB3C04D01}.Ad-Hoc|iPhone.ActiveCfg = Debug|Any CPU
		{C8A9A159-9009-4CE3-9D91-FCABB3C04D01}.Ad-Hoc|iPhone.Build.0 = Debug|Any CPU
		{C8A9A159-9009-4CE3-9D91-FCABB3C04D01}.Ad-Hoc|iPhoneSimulator.ActiveCfg = Debug|Any CPU
		{C8A9A159-9009-4CE3-9D91-FCABB3C04D01}.Ad-Hoc|iPhoneSimulator.Build.0 = Debug|Any CPU
		{C8A9A159-9009-4CE3-9D91-FCABB3C04D01}.Ad-Hoc|x64.ActiveCfg = Debug|Any CPU
		{C8A9A159-9009-4CE3-9D91-FCABB3C04D01}.Ad-Hoc|x64.Build.0 = Debug|Any CPU
		{C8A9A159-9009-4CE3-9D91-FCABB3C04D01}.Ad-Hoc|x86.ActiveCfg = Debug|Any CPU
		{C8A9A159-9009-4CE3-9D91-FCABB3C04D01}.Ad-Hoc|x86.Build.0 = Debug|Any CPU
		{C8A9A159-9009-4CE3-9D91-FCABB3C04D01}.AppStore|Any CPU.ActiveCfg = Debug|Any CPU
		{C8A9A159-9009-4CE3-9D91-FCABB3C04D01}.AppStore|Any CPU.Build.0 = Debug|Any CPU
		{C8A9A159-9009-4CE3-9D91-FCABB3C04D01}.AppStore|ARM.ActiveCfg = Debug|Any CPU
		{C8A9A159-9009-4CE3-9D91-FCABB3C04D01}.AppStore|ARM.Build.0 = Debug|Any CPU
		{C8A9A159-9009-4CE3-9D91-FCABB3C04D01}.AppStore|ARM64.ActiveCfg = Debug|Any CPU
		{C8A9A159-9009-4CE3-9D91-FCABB3C04D01}.AppStore|ARM64.Build.0 = Debug|Any CPU
		{C8A9A159-9009-4CE3-9D91-FCABB3C04D01}.AppStore|iPhone.ActiveCfg = Debug|Any CPU
		{C8A9A159-9009-4CE3-9D91-FCABB3C04D01}.AppStore|iPhone.Build.0 = Debug|Any CPU
		{C8A9A159-9009-4CE3-9D91-FCABB3C04D01}.AppStore|iPhoneSimulator.ActiveCfg = Debug|Any CPU
		{C8A9A159-9009-4CE3-9D91-FCABB3C04D01}.AppStore|iPhoneSimulator.Build.0 = Debug|Any CPU
		{C8A9A159-9009-4CE3-9D91-FCABB3C04D01}.AppStore|x64.ActiveCfg = Debug|Any CPU
		{C8A9A159-9009-4CE3-9D91-FCABB3C04D01}.AppStore|x64.Build.0 = Debug|Any CPU
		{C8A9A159-9009-4CE3-9D91-FCABB3C04D01}.AppStore|x86.ActiveCfg = Debug|Any CPU
		{C8A9A159-9009-4CE3-9D91-FCABB3C04D01}.AppStore|x86.Build.0 = Debug|Any CPU
		{C8A9A159-9009-4CE3-9D91-FCABB3C04D01}.Debug|Any CPU.ActiveCfg = Debug|Any CPU
		{C8A9A159-9009-4CE3-9D91-FCABB3C04D01}.Debug|Any CPU.Build.0 = Debug|Any CPU
		{C8A9A159-9009-4CE3-9D91-FCABB3C04D01}.Debug|ARM.ActiveCfg = Debug|Any CPU
		{C8A9A159-9009-4CE3-9D91-FCABB3C04D01}.Debug|ARM.Build.0 = Debug|Any CPU
		{C8A9A159-9009-4CE3-9D91-FCABB3C04D01}.Debug|ARM64.ActiveCfg = Debug|Any CPU
		{C8A9A159-9009-4CE3-9D91-FCABB3C04D01}.Debug|ARM64.Build.0 = Debug|Any CPU
		{C8A9A159-9009-4CE3-9D91-FCABB3C04D01}.Debug|iPhone.ActiveCfg = Debug|Any CPU
		{C8A9A159-9009-4CE3-9D91-FCABB3C04D01}.Debug|iPhone.Build.0 = Debug|Any CPU
		{C8A9A159-9009-4CE3-9D91-FCABB3C04D01}.Debug|iPhoneSimulator.ActiveCfg = Debug|Any CPU
		{C8A9A159-9009-4CE3-9D91-FCABB3C04D01}.Debug|iPhoneSimulator.Build.0 = Debug|Any CPU
		{C8A9A159-9009-4CE3-9D91-FCABB3C04D01}.Debug|x64.ActiveCfg = Debug|Any CPU
		{C8A9A159-9009-4CE3-9D91-FCABB3C04D01}.Debug|x64.Build.0 = Debug|Any CPU
		{C8A9A159-9009-4CE3-9D91-FCABB3C04D01}.Debug|x86.ActiveCfg = Debug|Any CPU
		{C8A9A159-9009-4CE3-9D91-FCABB3C04D01}.Debug|x86.Build.0 = Debug|Any CPU
		{C8A9A159-9009-4CE3-9D91-FCABB3C04D01}.Release|Any CPU.ActiveCfg = Release|Any CPU
		{C8A9A159-9009-4CE3-9D91-FCABB3C04D01}.Release|Any CPU.Build.0 = Release|Any CPU
		{C8A9A159-9009-4CE3-9D91-FCABB3C04D01}.Release|ARM.ActiveCfg = Release|Any CPU
		{C8A9A159-9009-4CE3-9D91-FCABB3C04D01}.Release|ARM.Build.0 = Release|Any CPU
		{C8A9A159-9009-4CE3-9D91-FCABB3C04D01}.Release|ARM64.ActiveCfg = Release|Any CPU
		{C8A9A159-9009-4CE3-9D91-FCABB3C04D01}.Release|ARM64.Build.0 = Release|Any CPU
		{C8A9A159-9009-4CE3-9D91-FCABB3C04D01}.Release|iPhone.ActiveCfg = Release|Any CPU
		{C8A9A159-9009-4CE3-9D91-FCABB3C04D01}.Release|iPhone.Build.0 = Release|Any CPU
		{C8A9A159-9009-4CE3-9D91-FCABB3C04D01}.Release|iPhoneSimulator.ActiveCfg = Release|Any CPU
		{C8A9A159-9009-4CE3-9D91-FCABB3C04D01}.Release|iPhoneSimulator.Build.0 = Release|Any CPU
		{C8A9A159-9009-4CE3-9D91-FCABB3C04D01}.Release|x64.ActiveCfg = Release|Any CPU
		{C8A9A159-9009-4CE3-9D91-FCABB3C04D01}.Release|x64.Build.0 = Release|Any CPU
		{C8A9A159-9009-4CE3-9D91-FCABB3C04D01}.Release|x86.ActiveCfg = Release|Any CPU
		{C8A9A159-9009-4CE3-9D91-FCABB3C04D01}.Release|x86.Build.0 = Release|Any CPU
		{5A44D36A-3A36-4439-89DE-2809AFF9629E}.Ad-Hoc|Any CPU.ActiveCfg = Debug|x86
		{5A44D36A-3A36-4439-89DE-2809AFF9629E}.Ad-Hoc|Any CPU.Build.0 = Debug|x86
		{5A44D36A-3A36-4439-89DE-2809AFF9629E}.Ad-Hoc|Any CPU.Deploy.0 = Debug|x86
		{5A44D36A-3A36-4439-89DE-2809AFF9629E}.Ad-Hoc|ARM.ActiveCfg = Debug|ARM
		{5A44D36A-3A36-4439-89DE-2809AFF9629E}.Ad-Hoc|ARM.Build.0 = Debug|ARM
		{5A44D36A-3A36-4439-89DE-2809AFF9629E}.Ad-Hoc|ARM.Deploy.0 = Debug|ARM
		{5A44D36A-3A36-4439-89DE-2809AFF9629E}.Ad-Hoc|ARM64.ActiveCfg = Debug|ARM64
		{5A44D36A-3A36-4439-89DE-2809AFF9629E}.Ad-Hoc|ARM64.Build.0 = Debug|ARM64
		{5A44D36A-3A36-4439-89DE-2809AFF9629E}.Ad-Hoc|ARM64.Deploy.0 = Debug|ARM64
		{5A44D36A-3A36-4439-89DE-2809AFF9629E}.Ad-Hoc|iPhone.ActiveCfg = Debug|x86
		{5A44D36A-3A36-4439-89DE-2809AFF9629E}.Ad-Hoc|iPhone.Build.0 = Debug|x86
		{5A44D36A-3A36-4439-89DE-2809AFF9629E}.Ad-Hoc|iPhone.Deploy.0 = Debug|x86
		{5A44D36A-3A36-4439-89DE-2809AFF9629E}.Ad-Hoc|iPhoneSimulator.ActiveCfg = Debug|x86
		{5A44D36A-3A36-4439-89DE-2809AFF9629E}.Ad-Hoc|iPhoneSimulator.Build.0 = Debug|x86
		{5A44D36A-3A36-4439-89DE-2809AFF9629E}.Ad-Hoc|iPhoneSimulator.Deploy.0 = Debug|x86
		{5A44D36A-3A36-4439-89DE-2809AFF9629E}.Ad-Hoc|x64.ActiveCfg = Debug|x64
		{5A44D36A-3A36-4439-89DE-2809AFF9629E}.Ad-Hoc|x64.Build.0 = Debug|x64
		{5A44D36A-3A36-4439-89DE-2809AFF9629E}.Ad-Hoc|x64.Deploy.0 = Debug|x64
		{5A44D36A-3A36-4439-89DE-2809AFF9629E}.Ad-Hoc|x86.ActiveCfg = Debug|x86
		{5A44D36A-3A36-4439-89DE-2809AFF9629E}.Ad-Hoc|x86.Build.0 = Debug|x86
		{5A44D36A-3A36-4439-89DE-2809AFF9629E}.Ad-Hoc|x86.Deploy.0 = Debug|x86
		{5A44D36A-3A36-4439-89DE-2809AFF9629E}.AppStore|Any CPU.ActiveCfg = Debug|x86
		{5A44D36A-3A36-4439-89DE-2809AFF9629E}.AppStore|Any CPU.Build.0 = Debug|x86
		{5A44D36A-3A36-4439-89DE-2809AFF9629E}.AppStore|Any CPU.Deploy.0 = Debug|x86
		{5A44D36A-3A36-4439-89DE-2809AFF9629E}.AppStore|ARM.ActiveCfg = Debug|ARM
		{5A44D36A-3A36-4439-89DE-2809AFF9629E}.AppStore|ARM.Build.0 = Debug|ARM
		{5A44D36A-3A36-4439-89DE-2809AFF9629E}.AppStore|ARM.Deploy.0 = Debug|ARM
		{5A44D36A-3A36-4439-89DE-2809AFF9629E}.AppStore|ARM64.ActiveCfg = Debug|ARM64
		{5A44D36A-3A36-4439-89DE-2809AFF9629E}.AppStore|ARM64.Build.0 = Debug|ARM64
		{5A44D36A-3A36-4439-89DE-2809AFF9629E}.AppStore|ARM64.Deploy.0 = Debug|ARM64
		{5A44D36A-3A36-4439-89DE-2809AFF9629E}.AppStore|iPhone.ActiveCfg = Debug|x86
		{5A44D36A-3A36-4439-89DE-2809AFF9629E}.AppStore|iPhone.Build.0 = Debug|x86
		{5A44D36A-3A36-4439-89DE-2809AFF9629E}.AppStore|iPhone.Deploy.0 = Debug|x86
		{5A44D36A-3A36-4439-89DE-2809AFF9629E}.AppStore|iPhoneSimulator.ActiveCfg = Debug|x86
		{5A44D36A-3A36-4439-89DE-2809AFF9629E}.AppStore|iPhoneSimulator.Build.0 = Debug|x86
		{5A44D36A-3A36-4439-89DE-2809AFF9629E}.AppStore|iPhoneSimulator.Deploy.0 = Debug|x86
		{5A44D36A-3A36-4439-89DE-2809AFF9629E}.AppStore|x64.ActiveCfg = Debug|x64
		{5A44D36A-3A36-4439-89DE-2809AFF9629E}.AppStore|x64.Build.0 = Debug|x64
		{5A44D36A-3A36-4439-89DE-2809AFF9629E}.AppStore|x64.Deploy.0 = Debug|x64
		{5A44D36A-3A36-4439-89DE-2809AFF9629E}.AppStore|x86.ActiveCfg = Debug|x86
		{5A44D36A-3A36-4439-89DE-2809AFF9629E}.AppStore|x86.Build.0 = Debug|x86
		{5A44D36A-3A36-4439-89DE-2809AFF9629E}.AppStore|x86.Deploy.0 = Debug|x86
		{5A44D36A-3A36-4439-89DE-2809AFF9629E}.Debug|Any CPU.ActiveCfg = Debug|x86
		{5A44D36A-3A36-4439-89DE-2809AFF9629E}.Debug|ARM.ActiveCfg = Debug|ARM
		{5A44D36A-3A36-4439-89DE-2809AFF9629E}.Debug|ARM.Build.0 = Debug|ARM
		{5A44D36A-3A36-4439-89DE-2809AFF9629E}.Debug|ARM.Deploy.0 = Debug|ARM
		{5A44D36A-3A36-4439-89DE-2809AFF9629E}.Debug|ARM64.ActiveCfg = Debug|ARM64
		{5A44D36A-3A36-4439-89DE-2809AFF9629E}.Debug|ARM64.Build.0 = Debug|ARM64
		{5A44D36A-3A36-4439-89DE-2809AFF9629E}.Debug|ARM64.Deploy.0 = Debug|ARM64
		{5A44D36A-3A36-4439-89DE-2809AFF9629E}.Debug|iPhone.ActiveCfg = Debug|x86
		{5A44D36A-3A36-4439-89DE-2809AFF9629E}.Debug|iPhoneSimulator.ActiveCfg = Debug|x86
		{5A44D36A-3A36-4439-89DE-2809AFF9629E}.Debug|x64.ActiveCfg = Debug|x64
		{5A44D36A-3A36-4439-89DE-2809AFF9629E}.Debug|x64.Build.0 = Debug|x64
		{5A44D36A-3A36-4439-89DE-2809AFF9629E}.Debug|x64.Deploy.0 = Debug|x64
		{5A44D36A-3A36-4439-89DE-2809AFF9629E}.Debug|x86.ActiveCfg = Debug|x86
		{5A44D36A-3A36-4439-89DE-2809AFF9629E}.Debug|x86.Build.0 = Debug|x86
		{5A44D36A-3A36-4439-89DE-2809AFF9629E}.Debug|x86.Deploy.0 = Debug|x86
		{5A44D36A-3A36-4439-89DE-2809AFF9629E}.Release|Any CPU.ActiveCfg = Release|x86
		{5A44D36A-3A36-4439-89DE-2809AFF9629E}.Release|ARM.ActiveCfg = Release|ARM
		{5A44D36A-3A36-4439-89DE-2809AFF9629E}.Release|ARM.Build.0 = Release|ARM
		{5A44D36A-3A36-4439-89DE-2809AFF9629E}.Release|ARM.Deploy.0 = Release|ARM
		{5A44D36A-3A36-4439-89DE-2809AFF9629E}.Release|ARM64.ActiveCfg = Release|ARM64
		{5A44D36A-3A36-4439-89DE-2809AFF9629E}.Release|ARM64.Build.0 = Release|ARM64
		{5A44D36A-3A36-4439-89DE-2809AFF9629E}.Release|ARM64.Deploy.0 = Release|ARM64
		{5A44D36A-3A36-4439-89DE-2809AFF9629E}.Release|iPhone.ActiveCfg = Release|x86
		{5A44D36A-3A36-4439-89DE-2809AFF9629E}.Release|iPhoneSimulator.ActiveCfg = Release|x86
		{5A44D36A-3A36-4439-89DE-2809AFF9629E}.Release|x64.ActiveCfg = Release|x64
		{5A44D36A-3A36-4439-89DE-2809AFF9629E}.Release|x64.Build.0 = Release|x64
		{5A44D36A-3A36-4439-89DE-2809AFF9629E}.Release|x64.Deploy.0 = Release|x64
		{5A44D36A-3A36-4439-89DE-2809AFF9629E}.Release|x86.ActiveCfg = Release|x86
		{5A44D36A-3A36-4439-89DE-2809AFF9629E}.Release|x86.Build.0 = Release|x86
		{5A44D36A-3A36-4439-89DE-2809AFF9629E}.Release|x86.Deploy.0 = Release|x86
		{6662346D-5C89-4673-9009-AB8652F576CC}.Ad-Hoc|Any CPU.ActiveCfg = Debug|Any CPU
		{6662346D-5C89-4673-9009-AB8652F576CC}.Ad-Hoc|Any CPU.Build.0 = Debug|Any CPU
		{6662346D-5C89-4673-9009-AB8652F576CC}.Ad-Hoc|ARM.ActiveCfg = Debug|Any CPU
		{6662346D-5C89-4673-9009-AB8652F576CC}.Ad-Hoc|ARM.Build.0 = Debug|Any CPU
		{6662346D-5C89-4673-9009-AB8652F576CC}.Ad-Hoc|ARM64.ActiveCfg = Debug|Any CPU
		{6662346D-5C89-4673-9009-AB8652F576CC}.Ad-Hoc|ARM64.Build.0 = Debug|Any CPU
		{6662346D-5C89-4673-9009-AB8652F576CC}.Ad-Hoc|iPhone.ActiveCfg = Debug|Any CPU
		{6662346D-5C89-4673-9009-AB8652F576CC}.Ad-Hoc|iPhone.Build.0 = Debug|Any CPU
		{6662346D-5C89-4673-9009-AB8652F576CC}.Ad-Hoc|iPhoneSimulator.ActiveCfg = Debug|Any CPU
		{6662346D-5C89-4673-9009-AB8652F576CC}.Ad-Hoc|iPhoneSimulator.Build.0 = Debug|Any CPU
		{6662346D-5C89-4673-9009-AB8652F576CC}.Ad-Hoc|x64.ActiveCfg = Debug|Any CPU
		{6662346D-5C89-4673-9009-AB8652F576CC}.Ad-Hoc|x64.Build.0 = Debug|Any CPU
		{6662346D-5C89-4673-9009-AB8652F576CC}.Ad-Hoc|x86.ActiveCfg = Debug|Any CPU
		{6662346D-5C89-4673-9009-AB8652F576CC}.Ad-Hoc|x86.Build.0 = Debug|Any CPU
		{6662346D-5C89-4673-9009-AB8652F576CC}.AppStore|Any CPU.ActiveCfg = Debug|Any CPU
		{6662346D-5C89-4673-9009-AB8652F576CC}.AppStore|Any CPU.Build.0 = Debug|Any CPU
		{6662346D-5C89-4673-9009-AB8652F576CC}.AppStore|ARM.ActiveCfg = Debug|Any CPU
		{6662346D-5C89-4673-9009-AB8652F576CC}.AppStore|ARM.Build.0 = Debug|Any CPU
		{6662346D-5C89-4673-9009-AB8652F576CC}.AppStore|ARM64.ActiveCfg = Debug|Any CPU
		{6662346D-5C89-4673-9009-AB8652F576CC}.AppStore|ARM64.Build.0 = Debug|Any CPU
		{6662346D-5C89-4673-9009-AB8652F576CC}.AppStore|iPhone.ActiveCfg = Debug|Any CPU
		{6662346D-5C89-4673-9009-AB8652F576CC}.AppStore|iPhone.Build.0 = Debug|Any CPU
		{6662346D-5C89-4673-9009-AB8652F576CC}.AppStore|iPhoneSimulator.ActiveCfg = Debug|Any CPU
		{6662346D-5C89-4673-9009-AB8652F576CC}.AppStore|iPhoneSimulator.Build.0 = Debug|Any CPU
		{6662346D-5C89-4673-9009-AB8652F576CC}.AppStore|x64.ActiveCfg = Debug|Any CPU
		{6662346D-5C89-4673-9009-AB8652F576CC}.AppStore|x64.Build.0 = Debug|Any CPU
		{6662346D-5C89-4673-9009-AB8652F576CC}.AppStore|x86.ActiveCfg = Debug|Any CPU
		{6662346D-5C89-4673-9009-AB8652F576CC}.AppStore|x86.Build.0 = Debug|Any CPU
		{6662346D-5C89-4673-9009-AB8652F576CC}.Debug|Any CPU.ActiveCfg = Debug|Any CPU
		{6662346D-5C89-4673-9009-AB8652F576CC}.Debug|Any CPU.Build.0 = Debug|Any CPU
		{6662346D-5C89-4673-9009-AB8652F576CC}.Debug|ARM.ActiveCfg = Debug|Any CPU
		{6662346D-5C89-4673-9009-AB8652F576CC}.Debug|ARM.Build.0 = Debug|Any CPU
		{6662346D-5C89-4673-9009-AB8652F576CC}.Debug|ARM64.ActiveCfg = Debug|Any CPU
		{6662346D-5C89-4673-9009-AB8652F576CC}.Debug|ARM64.Build.0 = Debug|Any CPU
		{6662346D-5C89-4673-9009-AB8652F576CC}.Debug|iPhone.ActiveCfg = Debug|Any CPU
		{6662346D-5C89-4673-9009-AB8652F576CC}.Debug|iPhone.Build.0 = Debug|Any CPU
		{6662346D-5C89-4673-9009-AB8652F576CC}.Debug|iPhoneSimulator.ActiveCfg = Debug|Any CPU
		{6662346D-5C89-4673-9009-AB8652F576CC}.Debug|iPhoneSimulator.Build.0 = Debug|Any CPU
		{6662346D-5C89-4673-9009-AB8652F576CC}.Debug|x64.ActiveCfg = Debug|Any CPU
		{6662346D-5C89-4673-9009-AB8652F576CC}.Debug|x64.Build.0 = Debug|Any CPU
		{6662346D-5C89-4673-9009-AB8652F576CC}.Debug|x86.ActiveCfg = Debug|Any CPU
		{6662346D-5C89-4673-9009-AB8652F576CC}.Debug|x86.Build.0 = Debug|Any CPU
		{6662346D-5C89-4673-9009-AB8652F576CC}.Release|Any CPU.ActiveCfg = Release|Any CPU
		{6662346D-5C89-4673-9009-AB8652F576CC}.Release|Any CPU.Build.0 = Release|Any CPU
		{6662346D-5C89-4673-9009-AB8652F576CC}.Release|ARM.ActiveCfg = Release|Any CPU
		{6662346D-5C89-4673-9009-AB8652F576CC}.Release|ARM.Build.0 = Release|Any CPU
		{6662346D-5C89-4673-9009-AB8652F576CC}.Release|ARM64.ActiveCfg = Release|Any CPU
		{6662346D-5C89-4673-9009-AB8652F576CC}.Release|ARM64.Build.0 = Release|Any CPU
		{6662346D-5C89-4673-9009-AB8652F576CC}.Release|iPhone.ActiveCfg = Release|Any CPU
		{6662346D-5C89-4673-9009-AB8652F576CC}.Release|iPhone.Build.0 = Release|Any CPU
		{6662346D-5C89-4673-9009-AB8652F576CC}.Release|iPhoneSimulator.ActiveCfg = Release|Any CPU
		{6662346D-5C89-4673-9009-AB8652F576CC}.Release|iPhoneSimulator.Build.0 = Release|Any CPU
		{6662346D-5C89-4673-9009-AB8652F576CC}.Release|x64.ActiveCfg = Release|Any CPU
		{6662346D-5C89-4673-9009-AB8652F576CC}.Release|x64.Build.0 = Release|Any CPU
		{6662346D-5C89-4673-9009-AB8652F576CC}.Release|x86.ActiveCfg = Release|Any CPU
		{6662346D-5C89-4673-9009-AB8652F576CC}.Release|x86.Build.0 = Release|Any CPU
		{0A24A109-79B4-4DC6-B0A9-28DBB9E2F94E}.Ad-Hoc|Any CPU.ActiveCfg = Debug|Any CPU
		{0A24A109-79B4-4DC6-B0A9-28DBB9E2F94E}.Ad-Hoc|Any CPU.Build.0 = Debug|Any CPU
		{0A24A109-79B4-4DC6-B0A9-28DBB9E2F94E}.Ad-Hoc|ARM.ActiveCfg = Debug|Any CPU
		{0A24A109-79B4-4DC6-B0A9-28DBB9E2F94E}.Ad-Hoc|ARM.Build.0 = Debug|Any CPU
		{0A24A109-79B4-4DC6-B0A9-28DBB9E2F94E}.Ad-Hoc|ARM64.ActiveCfg = Debug|Any CPU
		{0A24A109-79B4-4DC6-B0A9-28DBB9E2F94E}.Ad-Hoc|ARM64.Build.0 = Debug|Any CPU
		{0A24A109-79B4-4DC6-B0A9-28DBB9E2F94E}.Ad-Hoc|iPhone.ActiveCfg = Debug|Any CPU
		{0A24A109-79B4-4DC6-B0A9-28DBB9E2F94E}.Ad-Hoc|iPhone.Build.0 = Debug|Any CPU
		{0A24A109-79B4-4DC6-B0A9-28DBB9E2F94E}.Ad-Hoc|iPhoneSimulator.ActiveCfg = Debug|Any CPU
		{0A24A109-79B4-4DC6-B0A9-28DBB9E2F94E}.Ad-Hoc|iPhoneSimulator.Build.0 = Debug|Any CPU
		{0A24A109-79B4-4DC6-B0A9-28DBB9E2F94E}.Ad-Hoc|x64.ActiveCfg = Debug|Any CPU
		{0A24A109-79B4-4DC6-B0A9-28DBB9E2F94E}.Ad-Hoc|x64.Build.0 = Debug|Any CPU
		{0A24A109-79B4-4DC6-B0A9-28DBB9E2F94E}.Ad-Hoc|x86.ActiveCfg = Debug|Any CPU
		{0A24A109-79B4-4DC6-B0A9-28DBB9E2F94E}.Ad-Hoc|x86.Build.0 = Debug|Any CPU
		{0A24A109-79B4-4DC6-B0A9-28DBB9E2F94E}.AppStore|Any CPU.ActiveCfg = Debug|Any CPU
		{0A24A109-79B4-4DC6-B0A9-28DBB9E2F94E}.AppStore|Any CPU.Build.0 = Debug|Any CPU
		{0A24A109-79B4-4DC6-B0A9-28DBB9E2F94E}.AppStore|ARM.ActiveCfg = Debug|Any CPU
		{0A24A109-79B4-4DC6-B0A9-28DBB9E2F94E}.AppStore|ARM.Build.0 = Debug|Any CPU
		{0A24A109-79B4-4DC6-B0A9-28DBB9E2F94E}.AppStore|ARM64.ActiveCfg = Debug|Any CPU
		{0A24A109-79B4-4DC6-B0A9-28DBB9E2F94E}.AppStore|ARM64.Build.0 = Debug|Any CPU
		{0A24A109-79B4-4DC6-B0A9-28DBB9E2F94E}.AppStore|iPhone.ActiveCfg = Debug|Any CPU
		{0A24A109-79B4-4DC6-B0A9-28DBB9E2F94E}.AppStore|iPhone.Build.0 = Debug|Any CPU
		{0A24A109-79B4-4DC6-B0A9-28DBB9E2F94E}.AppStore|iPhoneSimulator.ActiveCfg = Debug|Any CPU
		{0A24A109-79B4-4DC6-B0A9-28DBB9E2F94E}.AppStore|iPhoneSimulator.Build.0 = Debug|Any CPU
		{0A24A109-79B4-4DC6-B0A9-28DBB9E2F94E}.AppStore|x64.ActiveCfg = Debug|Any CPU
		{0A24A109-79B4-4DC6-B0A9-28DBB9E2F94E}.AppStore|x64.Build.0 = Debug|Any CPU
		{0A24A109-79B4-4DC6-B0A9-28DBB9E2F94E}.AppStore|x86.ActiveCfg = Debug|Any CPU
		{0A24A109-79B4-4DC6-B0A9-28DBB9E2F94E}.AppStore|x86.Build.0 = Debug|Any CPU
		{0A24A109-79B4-4DC6-B0A9-28DBB9E2F94E}.Debug|Any CPU.ActiveCfg = Debug|Any CPU
		{0A24A109-79B4-4DC6-B0A9-28DBB9E2F94E}.Debug|Any CPU.Build.0 = Debug|Any CPU
		{0A24A109-79B4-4DC6-B0A9-28DBB9E2F94E}.Debug|ARM.ActiveCfg = Debug|Any CPU
		{0A24A109-79B4-4DC6-B0A9-28DBB9E2F94E}.Debug|ARM.Build.0 = Debug|Any CPU
		{0A24A109-79B4-4DC6-B0A9-28DBB9E2F94E}.Debug|ARM64.ActiveCfg = Debug|Any CPU
		{0A24A109-79B4-4DC6-B0A9-28DBB9E2F94E}.Debug|ARM64.Build.0 = Debug|Any CPU
		{0A24A109-79B4-4DC6-B0A9-28DBB9E2F94E}.Debug|iPhone.ActiveCfg = Debug|Any CPU
		{0A24A109-79B4-4DC6-B0A9-28DBB9E2F94E}.Debug|iPhone.Build.0 = Debug|Any CPU
		{0A24A109-79B4-4DC6-B0A9-28DBB9E2F94E}.Debug|iPhoneSimulator.ActiveCfg = Debug|Any CPU
		{0A24A109-79B4-4DC6-B0A9-28DBB9E2F94E}.Debug|iPhoneSimulator.Build.0 = Debug|Any CPU
		{0A24A109-79B4-4DC6-B0A9-28DBB9E2F94E}.Debug|x64.ActiveCfg = Debug|Any CPU
		{0A24A109-79B4-4DC6-B0A9-28DBB9E2F94E}.Debug|x64.Build.0 = Debug|Any CPU
		{0A24A109-79B4-4DC6-B0A9-28DBB9E2F94E}.Debug|x86.ActiveCfg = Debug|Any CPU
		{0A24A109-79B4-4DC6-B0A9-28DBB9E2F94E}.Debug|x86.Build.0 = Debug|Any CPU
		{0A24A109-79B4-4DC6-B0A9-28DBB9E2F94E}.Release|Any CPU.ActiveCfg = Release|Any CPU
		{0A24A109-79B4-4DC6-B0A9-28DBB9E2F94E}.Release|Any CPU.Build.0 = Release|Any CPU
		{0A24A109-79B4-4DC6-B0A9-28DBB9E2F94E}.Release|ARM.ActiveCfg = Release|Any CPU
		{0A24A109-79B4-4DC6-B0A9-28DBB9E2F94E}.Release|ARM.Build.0 = Release|Any CPU
		{0A24A109-79B4-4DC6-B0A9-28DBB9E2F94E}.Release|ARM64.ActiveCfg = Release|Any CPU
		{0A24A109-79B4-4DC6-B0A9-28DBB9E2F94E}.Release|ARM64.Build.0 = Release|Any CPU
		{0A24A109-79B4-4DC6-B0A9-28DBB9E2F94E}.Release|iPhone.ActiveCfg = Release|Any CPU
		{0A24A109-79B4-4DC6-B0A9-28DBB9E2F94E}.Release|iPhone.Build.0 = Release|Any CPU
		{0A24A109-79B4-4DC6-B0A9-28DBB9E2F94E}.Release|iPhoneSimulator.ActiveCfg = Release|Any CPU
		{0A24A109-79B4-4DC6-B0A9-28DBB9E2F94E}.Release|iPhoneSimulator.Build.0 = Release|Any CPU
		{0A24A109-79B4-4DC6-B0A9-28DBB9E2F94E}.Release|x64.ActiveCfg = Release|Any CPU
		{0A24A109-79B4-4DC6-B0A9-28DBB9E2F94E}.Release|x64.Build.0 = Release|Any CPU
		{0A24A109-79B4-4DC6-B0A9-28DBB9E2F94E}.Release|x86.ActiveCfg = Release|Any CPU
		{0A24A109-79B4-4DC6-B0A9-28DBB9E2F94E}.Release|x86.Build.0 = Release|Any CPU
	EndGlobalSection
	GlobalSection(SolutionProperties) = preSolution
		HideSolutionNode = FALSE
	EndGlobalSection
	GlobalSection(ExtensibilityGlobals) = postSolution
		SolutionGuid = {AB0E3F66-840A-45E1-AF2E-D711FB4BD4F7}
	EndGlobalSection
EndGlobal
